<?xml version="1.0" encoding="utf-8"?>
<Project ToolsVersion="4.0" xmlns="http://schemas.microsoft.com/developer/msbuild/2003">
  <ItemGroup>
    <Filter Include="Source Files">
      <UniqueIdentifier>{4FC737F1-C7A5-4376-A066-2A32D752A2FF}</UniqueIdentifier>
      <Extensions>cpp;c;cc;cxx;def;odl;idl;hpj;bat;asm;asmx</Extensions>
    </Filter>
    <Filter Include="Header Files">
      <UniqueIdentifier>{93995380-89BD-4b04-88EB-625FBE52EBFB}</UniqueIdentifier>
      <Extensions>h;hh;hpp;hxx;hm;inl;inc;xsd</Extensions>
    </Filter>
    <Filter Include="Resource Files">
      <UniqueIdentifier>{67DA6AB6-F800-4c08-8B7A-83BB121AAD01}</UniqueIdentifier>
      <Extensions>rc;ico;cur;bmp;dlg;rc2;rct;bin;rgs;gif;jpg;jpeg;jpe;resx;tiff;tif;png;wav;mfcribbon-ms</Extensions>
    </Filter>
  </ItemGroup>
  <ItemGroup>
    <Text Include="ReadMe.txt" />
  </ItemGroup>
  <ItemGroup>
    <ClCompile Include="AureusVideoGUI.cpp">
      <Filter>Source Files</Filter>
    </ClCompile>
    <ClCompile Include="cxutils.cpp">
      <Filter>Source Files</Filter>
    </ClCompile>
    <ClCompile Include="FDPdlg.cpp">
      <Filter>Source Files</Filter>
    </ClCompile>
    <ClCompile Include="CX_FRList.cpp">
      <Filter>Source Files</Filter>
    </ClCompile>
    <ClCompile Include="CX_GalleryInfoPanel.cpp">
      <Filter>Source Files</Filter>
    </ClCompile>
    <ClCompile Include="CX_GalleryList.cpp">
      <Filter>Source Files</Filter>
    </ClCompile>
    <ClCompile Include="CX_PersonImageList.cpp">
      <Filter>Source Files</Filter>
    </ClCompile>
    <ClCompile Include="CX_ResultsPanel.cpp">
      <Filter>Source Files</Filter>
    </ClCompile>
    <ClCompile Include="CX_UpdateTimer.cpp">
      <Filter>Source Files</Filter>
    </ClCompile>
    <ClCompile Include="CX_EnrollPanel.cpp">
      <Filter>Source Files</Filter>
    </ClCompile>
    <ClCompile Include="CX_GalleryPanel.cpp">
      <Filter>Source Files</Filter>
    </ClCompile>
    <ClCompile Include="CX_VideoDisplay.cpp">
      <Filter>Source Files</Filter>
    </ClCompile>
    <ClCompile Include="CX_VideoDialog.cpp">
      <Filter>Source Files</Filter>
    </ClCompile>
    <ClCompile Include="CX_VideoPanel.cpp">
      <Filter>Source Files</Filter>
    </ClCompile>
    <ClCompile Include="CX_ImageGrid.cpp">
      <Filter>Source Files</Filter>
    </ClCompile>
    <ClCompile Include="CX_ImageList.cpp">
      <Filter>Source Files</Filter>
    </ClCompile>
    <ClCompile Include="CX_ImageWindow.cpp">
      <Filter>Source Files</Filter>
    </ClCompile>
    <ClCompile Include="CX_Icons.cpp">
      <Filter>Source Files</Filter>
    </ClCompile>
    <ClCompile Include="CX_3Dwin.cpp">
      <Filter>Source Files</Filter>
    </ClCompile>
  </ItemGroup>
  <ItemGroup>
    <ClInclude Include="AureusVideoGUI.h">
      <Filter>Header Files</Filter>
    </ClInclude>
    <ClInclude Include="cxutils.h">
      <Filter>Header Files</Filter>
    </ClInclude>
    <ClInclude Include="FDPdlg.h">
      <Filter>Header Files</Filter>
    </ClInclude>
    <ClInclude Include="CX_FRList.h">
      <Filter>Header Files</Filter>
    </ClInclude>
    <ClInclude Include="CX_GalleryInfoPanel.h">
      <Filter>Header Files</Filter>
    </ClInclude>
    <ClInclude Include="CX_GalleryList.h">
      <Filter>Header Files</Filter>
    </ClInclude>
    <ClInclude Include="CX_PersonImageList.h">
      <Filter>Header Files</Filter>
    </ClInclude>
    <ClInclude Include="CX_ResultsPanel.h">
      <Filter>Header Files</Filter>
    </ClInclude>
    <ClInclude Include="CX_UpdateTimer.h">
      <Filter>Header Files</Filter>
    </ClInclude>
    <ClInclude Include="CX_EnrollPanel.h">
      <Filter>Header Files</Filter>
    </ClInclude>
    <ClInclude Include="CX_GalleryPanel.h">
      <Filter>Header Files</Filter>
    </ClInclude>
    <ClInclude Include="CX_VideoDisplay.h">
      <Filter>Header Files</Filter>
    </ClInclude>
    <ClInclude Include="CX_VideoDialog.h">
      <Filter>Header Files</Filter>
    </ClInclude>
    <ClInclude Include="CX_VideoPanel.h">
      <Filter>Header Files</Filter>
    </ClInclude>
    <ClInclude Include="CX_ImageGrid.h">
      <Filter>Header Files</Filter>
    </ClInclude>
    <ClInclude Include="CX_ImageList.h">
      <Filter>Header Files</Filter>
    </ClInclude>
    <ClInclude Include="CX_ImageWindow.h">
      <Filter>Header Files</Filter>
    </ClInclude>
    <ClInclude Include="CX_OGLdefs.h">
      <Filter>Header Files</Filter>
    </ClInclude>
    <ClInclude Include="CX_3Dwin.h">
      <Filter>Header Files</Filter>
    </ClInclude>
  </ItemGroup>
</Project>